
Microsoft Visual Studio Solution File, Format Version 12.00
# Visual Studio Version 16
VisualStudioVersion = 16.0.30804.86
MinimumVisualStudioVersion = 15.0.26124.0
Project("{2150E333-8FDC-42A3-9474-1A3956D46DE8}") = "src", "src", "{28E1F8EC-E22A-45D3-941F-2A0756D6331D}"
EndProject
Project("{9A19103F-16F7-4668-BE54-9A1E7A4F7556}") = "Abplus", "src\Abplus\Abplus.csproj", "{10C03A51-881C-4779-9B24-5BFCE234C175}"
EndProject
Project("{9A19103F-16F7-4668-BE54-9A1E7A4F7556}") = "Abplus.MqMessages", "src\Abplus.MqMessages\Abplus.MqMessages.csproj", "{5FE016D8-4FBC-4D85-A7D8-165E6F7887F2}"
EndProject
Project("{9A19103F-16F7-4668-BE54-9A1E7A4F7556}") = "Abplus.MqMessages.AuditingConsumerHandler", "src\Abplus.MqMessages.AuditingConsumerHandler\Abplus.MqMessages.AuditingConsumerHandler.csproj", "{B5E2EC5D-4D8A-4FBE-9434-23B422644B68}"
EndProject
Project("{9A19103F-16F7-4668-BE54-9A1E7A4F7556}") = "Abplus.MqMessages.AuditingStore", "src\Abplus.MqMessages.AuditingStore\Abplus.MqMessages.AuditingStore.csproj", "{AC823FF0-0EEA-46D8-B6FF-BA9E255F5EB7}"
EndProject
Project("{9A19103F-16F7-4668-BE54-9A1E7A4F7556}") = "Abplus.MqMessages.IndexToES", "src\Abplus.MqMessages.IndexToES\Abplus.MqMessages.IndexToES.csproj", "{17E54BAB-2FF4-42A1-ACBA-0F88066FF4FD}"
EndProject
Project("{9A19103F-16F7-4668-BE54-9A1E7A4F7556}") = "Abplus.MqMessages.RebusCore", "src\Abplus.MqMessages.RebusCore\Abplus.MqMessages.RebusCore.csproj", "{D27E21C1-96C8-4EFF-AA4D-43A8ED7CC40B}"
EndProject
Project("{9A19103F-16F7-4668-BE54-9A1E7A4F7556}") = "Abplus.MqMessages.RedisStoreMessageTracker", "src\Abplus.MqMessages.RedisStoreMessageTracker\Abplus.MqMessages.RedisStoreMessageTracker.csproj", "{7A5BE15C-4B89-4397-920F-A15FB8A76FA5}"
EndProject
Project("{9A19103F-16F7-4668-BE54-9A1E7A4F7556}") = "Abplus.T4.PermissionsFromJson", "src\Abplus.T4.PermissionsFromJson\Abplus.T4.PermissionsFromJson.csproj", "{629C519A-14DD-4F1A-B235-AC73AC2622F7}"
EndProject
Project("{9A19103F-16F7-4668-BE54-9A1E7A4F7556}") = "Abplus.MqMessages.RebusRabbitMqConsumer", "src\Abplus.MqMessages.RebusRabbitMqConsumer\Abplus.MqMessages.RebusRabbitMqConsumer.csproj", "{E0E26A07-B7A6-41FD-AB74-1CFCB5191F94}"
EndProject
Project("{9A19103F-16F7-4668-BE54-9A1E7A4F7556}") = "Abplus.MqMessages.RebusRabbitMqPublisher", "src\Abplus.MqMessages.RebusRabbitMqPublisher\Abplus.MqMessages.RebusRabbitMqPublisher.csproj", "{1C7E75D5-F462-43C7-A230-4E31FAF8CC00}"
EndProject
Project("{2150E333-8FDC-42A3-9474-1A3956D46DE8}") = "Solution Items", "Solution Items", "{BE7C78D3-C20F-46D4-A4DD-F66136691F17}"
	ProjectSection(SolutionItems) = preProject
		common.props = common.props
	EndProjectSection
EndProject
Project("{9A19103F-16F7-4668-BE54-9A1E7A4F7556}") = "Abplus.AspNetCore.SignalR", "src\Abplus.AspNetCore.SignalR\Abplus.AspNetCore.SignalR.csproj", "{6FA9C7E5-7ED9-4D09-856E-0D30D6D0E7AF}"
EndProject
Project("{2150E333-8FDC-42A3-9474-1A3956D46DE8}") = "Samples", "Samples", "{9D43F9A2-6C7D-44DC-A0A0-3F0C693B9663}"
EndProject
Project("{9A19103F-16F7-4668-BE54-9A1E7A4F7556}") = "Sample.MqMessages", "src\Samples\Sample.MqMessages\Sample.MqMessages.csproj", "{D71B7FBA-E998-4141-81E6-E319C3941659}"
EndProject
Project("{9A19103F-16F7-4668-BE54-9A1E7A4F7556}") = "Sample.DotNetCoreConsumerHost", "src\Samples\Sample.DotNetCoreConsumerHost\Sample.DotNetCoreConsumerHost.csproj", "{3AFDA053-190A-4BBF-BF0D-626718239FA4}"
EndProject
Project("{9A19103F-16F7-4668-BE54-9A1E7A4F7556}") = "Sample.DotNetCorePublisherHost", "src\Samples\Sample.DotNetCorePublisherHost\Sample.DotNetCorePublisherHost.csproj", "{3EB8E5B8-B4A1-41EE-8E26-EED6AFF8AC8F}"
EndProject
Project("{2150E333-8FDC-42A3-9474-1A3956D46DE8}") = "AuditingConsumer", "AuditingConsumer", "{D67F59C7-8882-4517-AD61-394DA98E94E5}"
EndProject
Project("{9A19103F-16F7-4668-BE54-9A1E7A4F7556}") = "Sample.AuditingConsumerHandler", "src\Samples\AuditingConsumer\Sample.AuditingConsumerHandler\Sample.AuditingConsumerHandler.csproj", "{E840877E-2C05-4BF1-859A-3C6D49DFEFE6}"
EndProject
Project("{9A19103F-16F7-4668-BE54-9A1E7A4F7556}") = "Sample.MqMessageAuditingStore", "src\Samples\AuditingConsumer\Sample.MqMessageAuditingStore\Sample.MqMessageAuditingStore.csproj", "{5DFA45F0-4E0E-4DF2-85E5-53ACF50CDD91}"
EndProject
Project("{9A19103F-16F7-4668-BE54-9A1E7A4F7556}") = "Abplus.IO.LocalFileSystem", "src\Abplus.IO.LocalFileSystem\Abplus.IO.LocalFileSystem.csproj", "{5D62EA19-7E50-467A-B0BC-76334C2C69E9}"
EndProject
Project("{9A19103F-16F7-4668-BE54-9A1E7A4F7556}") = "Abplus.IO.AzureBlobStorage", "src\Abplus.IO.AzureBlobStorage\Abplus.IO.AzureBlobStorage.csproj", "{3CD46A0D-61E6-4A0C-AF2D-176462DCF601}"
EndProject
Project("{2150E333-8FDC-42A3-9474-1A3956D46DE8}") = "FileStorage", "FileStorage", "{89AE722E-588C-43F2-B4CB-A05CE184F721}"
EndProject
Project("{9A19103F-16F7-4668-BE54-9A1E7A4F7556}") = "Sample.AzureBlobStorageConsole", "src\Samples\FileStorage\Sample.AzureBlobStorage\Sample.AzureBlobStorageConsole.csproj", "{EF146053-4951-4D97-9AAA-E0C1CA4801D6}"
EndProject
Project("{9A19103F-16F7-4668-BE54-9A1E7A4F7556}") = "Sample.LocalFileSystemConsole", "src\Samples\FileStorage\Sample.LocalFileSystem\Sample.LocalFileSystemConsole.csproj", "{0FCE1B76-0720-4AD0-B353-F604C93DC05F}"
EndProject
Project("{9A19103F-16F7-4668-BE54-9A1E7A4F7556}") = "Abplus.IO.AliyunOSSStorage", "src\Abplus.IO.AliyunOSSStorage\Abplus.IO.AliyunOSSStorage.csproj", "{D6E5E010-D782-4B02-94A1-1162852916D9}"
EndProject
Project("{9A19103F-16F7-4668-BE54-9A1E7A4F7556}") = "Sample.AliyunOSSStorageConsole", "src\Samples\FileStorage\Sample.AliyunOSSStorage\Sample.AliyunOSSStorageConsole.csproj", "{543B7B29-B10C-4837-9479-949F7066DAAC}"
EndProject
Global
	GlobalSection(SolutionConfigurationPlatforms) = preSolution
		Debug|Any CPU = Debug|Any CPU
		Debug|x64 = Debug|x64
		Debug|x86 = Debug|x86
		Release|Any CPU = Release|Any CPU
		Release|x64 = Release|x64
		Release|x86 = Release|x86
	EndGlobalSection
	GlobalSection(ProjectConfigurationPlatforms) = postSolution
		{10C03A51-881C-4779-9B24-5BFCE234C175}.Debug|Any CPU.ActiveCfg = Debug|Any CPU
		{10C03A51-881C-4779-9B24-5BFCE234C175}.Debug|Any CPU.Build.0 = Debug|Any CPU
		{10C03A51-881C-4779-9B24-5BFCE234C175}.Debug|x64.ActiveCfg = Debug|Any CPU
		{10C03A51-881C-4779-9B24-5BFCE234C175}.Debug|x64.Build.0 = Debug|Any CPU
		{10C03A51-881C-4779-9B24-5BFCE234C175}.Debug|x86.ActiveCfg = Debug|Any CPU
		{10C03A51-881C-4779-9B24-5BFCE234C175}.Debug|x86.Build.0 = Debug|Any CPU
		{10C03A51-881C-4779-9B24-5BFCE234C175}.Release|Any CPU.ActiveCfg = Release|Any CPU
		{10C03A51-881C-4779-9B24-5BFCE234C175}.Release|Any CPU.Build.0 = Release|Any CPU
		{10C03A51-881C-4779-9B24-5BFCE234C175}.Release|x64.ActiveCfg = Release|Any CPU
		{10C03A51-881C-4779-9B24-5BFCE234C175}.Release|x64.Build.0 = Release|Any CPU
		{10C03A51-881C-4779-9B24-5BFCE234C175}.Release|x86.ActiveCfg = Release|Any CPU
		{10C03A51-881C-4779-9B24-5BFCE234C175}.Release|x86.Build.0 = Release|Any CPU
		{5FE016D8-4FBC-4D85-A7D8-165E6F7887F2}.Debug|Any CPU.ActiveCfg = Debug|Any CPU
		{5FE016D8-4FBC-4D85-A7D8-165E6F7887F2}.Debug|Any CPU.Build.0 = Debug|Any CPU
		{5FE016D8-4FBC-4D85-A7D8-165E6F7887F2}.Debug|x64.ActiveCfg = Debug|Any CPU
		{5FE016D8-4FBC-4D85-A7D8-165E6F7887F2}.Debug|x64.Build.0 = Debug|Any CPU
		{5FE016D8-4FBC-4D85-A7D8-165E6F7887F2}.Debug|x86.ActiveCfg = Debug|Any CPU
		{5FE016D8-4FBC-4D85-A7D8-165E6F7887F2}.Debug|x86.Build.0 = Debug|Any CPU
		{5FE016D8-4FBC-4D85-A7D8-165E6F7887F2}.Release|Any CPU.ActiveCfg = Release|Any CPU
		{5FE016D8-4FBC-4D85-A7D8-165E6F7887F2}.Release|Any CPU.Build.0 = Release|Any CPU
		{5FE016D8-4FBC-4D85-A7D8-165E6F7887F2}.Release|x64.ActiveCfg = Release|Any CPU
		{5FE016D8-4FBC-4D85-A7D8-165E6F7887F2}.Release|x64.Build.0 = Release|Any CPU
		{5FE016D8-4FBC-4D85-A7D8-165E6F7887F2}.Release|x86.ActiveCfg = Release|Any CPU
		{5FE016D8-4FBC-4D85-A7D8-165E6F7887F2}.Release|x86.Build.0 = Release|Any CPU
		{B5E2EC5D-4D8A-4FBE-9434-23B422644B68}.Debug|Any CPU.ActiveCfg = Debug|Any CPU
		{B5E2EC5D-4D8A-4FBE-9434-23B422644B68}.Debug|Any CPU.Build.0 = Debug|Any CPU
		{B5E2EC5D-4D8A-4FBE-9434-23B422644B68}.Debug|x64.ActiveCfg = Debug|Any CPU
		{B5E2EC5D-4D8A-4FBE-9434-23B422644B68}.Debug|x64.Build.0 = Debug|Any CPU
		{B5E2EC5D-4D8A-4FBE-9434-23B422644B68}.Debug|x86.ActiveCfg = Debug|Any CPU
		{B5E2EC5D-4D8A-4FBE-9434-23B422644B68}.Debug|x86.Build.0 = Debug|Any CPU
		{B5E2EC5D-4D8A-4FBE-9434-23B422644B68}.Release|Any CPU.ActiveCfg = Release|Any CPU
		{B5E2EC5D-4D8A-4FBE-9434-23B422644B68}.Release|Any CPU.Build.0 = Release|Any CPU
		{B5E2EC5D-4D8A-4FBE-9434-23B422644B68}.Release|x64.ActiveCfg = Release|Any CPU
		{B5E2EC5D-4D8A-4FBE-9434-23B422644B68}.Release|x64.Build.0 = Release|Any CPU
		{B5E2EC5D-4D8A-4FBE-9434-23B422644B68}.Release|x86.ActiveCfg = Release|Any CPU
		{B5E2EC5D-4D8A-4FBE-9434-23B422644B68}.Release|x86.Build.0 = Release|Any CPU
		{AC823FF0-0EEA-46D8-B6FF-BA9E255F5EB7}.Debug|Any CPU.ActiveCfg = Debug|Any CPU
		{AC823FF0-0EEA-46D8-B6FF-BA9E255F5EB7}.Debug|Any CPU.Build.0 = Debug|Any CPU
		{AC823FF0-0EEA-46D8-B6FF-BA9E255F5EB7}.Debug|x64.ActiveCfg = Debug|Any CPU
		{AC823FF0-0EEA-46D8-B6FF-BA9E255F5EB7}.Debug|x64.Build.0 = Debug|Any CPU
		{AC823FF0-0EEA-46D8-B6FF-BA9E255F5EB7}.Debug|x86.ActiveCfg = Debug|Any CPU
		{AC823FF0-0EEA-46D8-B6FF-BA9E255F5EB7}.Debug|x86.Build.0 = Debug|Any CPU
		{AC823FF0-0EEA-46D8-B6FF-BA9E255F5EB7}.Release|Any CPU.ActiveCfg = Release|Any CPU
		{AC823FF0-0EEA-46D8-B6FF-BA9E255F5EB7}.Release|Any CPU.Build.0 = Release|Any CPU
		{AC823FF0-0EEA-46D8-B6FF-BA9E255F5EB7}.Release|x64.ActiveCfg = Release|Any CPU
		{AC823FF0-0EEA-46D8-B6FF-BA9E255F5EB7}.Release|x64.Build.0 = Release|Any CPU
		{AC823FF0-0EEA-46D8-B6FF-BA9E255F5EB7}.Release|x86.ActiveCfg = Release|Any CPU
		{AC823FF0-0EEA-46D8-B6FF-BA9E255F5EB7}.Release|x86.Build.0 = Release|Any CPU
		{17E54BAB-2FF4-42A1-ACBA-0F88066FF4FD}.Debug|Any CPU.ActiveCfg = Debug|Any CPU
		{17E54BAB-2FF4-42A1-ACBA-0F88066FF4FD}.Debug|Any CPU.Build.0 = Debug|Any CPU
		{17E54BAB-2FF4-42A1-ACBA-0F88066FF4FD}.Debug|x64.ActiveCfg = Debug|Any CPU
		{17E54BAB-2FF4-42A1-ACBA-0F88066FF4FD}.Debug|x64.Build.0 = Debug|Any CPU
		{17E54BAB-2FF4-42A1-ACBA-0F88066FF4FD}.Debug|x86.ActiveCfg = Debug|Any CPU
		{17E54BAB-2FF4-42A1-ACBA-0F88066FF4FD}.Debug|x86.Build.0 = Debug|Any CPU
		{17E54BAB-2FF4-42A1-ACBA-0F88066FF4FD}.Release|Any CPU.ActiveCfg = Release|Any CPU
		{17E54BAB-2FF4-42A1-ACBA-0F88066FF4FD}.Release|Any CPU.Build.0 = Release|Any CPU
		{17E54BAB-2FF4-42A1-ACBA-0F88066FF4FD}.Release|x64.ActiveCfg = Release|Any CPU
		{17E54BAB-2FF4-42A1-ACBA-0F88066FF4FD}.Release|x64.Build.0 = Release|Any CPU
		{17E54BAB-2FF4-42A1-ACBA-0F88066FF4FD}.Release|x86.ActiveCfg = Release|Any CPU
		{17E54BAB-2FF4-42A1-ACBA-0F88066FF4FD}.Release|x86.Build.0 = Release|Any CPU
		{D27E21C1-96C8-4EFF-AA4D-43A8ED7CC40B}.Debug|Any CPU.ActiveCfg = Debug|Any CPU
		{D27E21C1-96C8-4EFF-AA4D-43A8ED7CC40B}.Debug|Any CPU.Build.0 = Debug|Any CPU
		{D27E21C1-96C8-4EFF-AA4D-43A8ED7CC40B}.Debug|x64.ActiveCfg = Debug|Any CPU
		{D27E21C1-96C8-4EFF-AA4D-43A8ED7CC40B}.Debug|x64.Build.0 = Debug|Any CPU
		{D27E21C1-96C8-4EFF-AA4D-43A8ED7CC40B}.Debug|x86.ActiveCfg = Debug|Any CPU
		{D27E21C1-96C8-4EFF-AA4D-43A8ED7CC40B}.Debug|x86.Build.0 = Debug|Any CPU
		{D27E21C1-96C8-4EFF-AA4D-43A8ED7CC40B}.Release|Any CPU.ActiveCfg = Release|Any CPU
		{D27E21C1-96C8-4EFF-AA4D-43A8ED7CC40B}.Release|Any CPU.Build.0 = Release|Any CPU
		{D27E21C1-96C8-4EFF-AA4D-43A8ED7CC40B}.Release|x64.ActiveCfg = Release|Any CPU
		{D27E21C1-96C8-4EFF-AA4D-43A8ED7CC40B}.Release|x64.Build.0 = Release|Any CPU
		{D27E21C1-96C8-4EFF-AA4D-43A8ED7CC40B}.Release|x86.ActiveCfg = Release|Any CPU
		{D27E21C1-96C8-4EFF-AA4D-43A8ED7CC40B}.Release|x86.Build.0 = Release|Any CPU
		{7A5BE15C-4B89-4397-920F-A15FB8A76FA5}.Debug|Any CPU.ActiveCfg = Debug|Any CPU
		{7A5BE15C-4B89-4397-920F-A15FB8A76FA5}.Debug|Any CPU.Build.0 = Debug|Any CPU
		{7A5BE15C-4B89-4397-920F-A15FB8A76FA5}.Debug|x64.ActiveCfg = Debug|Any CPU
		{7A5BE15C-4B89-4397-920F-A15FB8A76FA5}.Debug|x64.Build.0 = Debug|Any CPU
		{7A5BE15C-4B89-4397-920F-A15FB8A76FA5}.Debug|x86.ActiveCfg = Debug|Any CPU
		{7A5BE15C-4B89-4397-920F-A15FB8A76FA5}.Debug|x86.Build.0 = Debug|Any CPU
		{7A5BE15C-4B89-4397-920F-A15FB8A76FA5}.Release|Any CPU.ActiveCfg = Release|Any CPU
		{7A5BE15C-4B89-4397-920F-A15FB8A76FA5}.Release|Any CPU.Build.0 = Release|Any CPU
		{7A5BE15C-4B89-4397-920F-A15FB8A76FA5}.Release|x64.ActiveCfg = Release|Any CPU
		{7A5BE15C-4B89-4397-920F-A15FB8A76FA5}.Release|x64.Build.0 = Release|Any CPU
		{7A5BE15C-4B89-4397-920F-A15FB8A76FA5}.Release|x86.ActiveCfg = Release|Any CPU
		{7A5BE15C-4B89-4397-920F-A15FB8A76FA5}.Release|x86.Build.0 = Release|Any CPU
		{629C519A-14DD-4F1A-B235-AC73AC2622F7}.Debug|Any CPU.ActiveCfg = Debug|Any CPU
		{629C519A-14DD-4F1A-B235-AC73AC2622F7}.Debug|Any CPU.Build.0 = Debug|Any CPU
		{629C519A-14DD-4F1A-B235-AC73AC2622F7}.Debug|x64.ActiveCfg = Debug|Any CPU
		{629C519A-14DD-4F1A-B235-AC73AC2622F7}.Debug|x64.Build.0 = Debug|Any CPU
		{629C519A-14DD-4F1A-B235-AC73AC2622F7}.Debug|x86.ActiveCfg = Debug|Any CPU
		{629C519A-14DD-4F1A-B235-AC73AC2622F7}.Debug|x86.Build.0 = Debug|Any CPU
		{629C519A-14DD-4F1A-B235-AC73AC2622F7}.Release|Any CPU.ActiveCfg = Release|Any CPU
		{629C519A-14DD-4F1A-B235-AC73AC2622F7}.Release|Any CPU.Build.0 = Release|Any CPU
		{629C519A-14DD-4F1A-B235-AC73AC2622F7}.Release|x64.ActiveCfg = Release|Any CPU
		{629C519A-14DD-4F1A-B235-AC73AC2622F7}.Release|x64.Build.0 = Release|Any CPU
		{629C519A-14DD-4F1A-B235-AC73AC2622F7}.Release|x86.ActiveCfg = Release|Any CPU
		{629C519A-14DD-4F1A-B235-AC73AC2622F7}.Release|x86.Build.0 = Release|Any CPU
		{E0E26A07-B7A6-41FD-AB74-1CFCB5191F94}.Debug|Any CPU.ActiveCfg = Debug|Any CPU
		{E0E26A07-B7A6-41FD-AB74-1CFCB5191F94}.Debug|Any CPU.Build.0 = Debug|Any CPU
		{E0E26A07-B7A6-41FD-AB74-1CFCB5191F94}.Debug|x64.ActiveCfg = Debug|Any CPU
		{E0E26A07-B7A6-41FD-AB74-1CFCB5191F94}.Debug|x64.Build.0 = Debug|Any CPU
		{E0E26A07-B7A6-41FD-AB74-1CFCB5191F94}.Debug|x86.ActiveCfg = Debug|Any CPU
		{E0E26A07-B7A6-41FD-AB74-1CFCB5191F94}.Debug|x86.Build.0 = Debug|Any CPU
		{E0E26A07-B7A6-41FD-AB74-1CFCB5191F94}.Release|Any CPU.ActiveCfg = Release|Any CPU
		{E0E26A07-B7A6-41FD-AB74-1CFCB5191F94}.Release|Any CPU.Build.0 = Release|Any CPU
		{E0E26A07-B7A6-41FD-AB74-1CFCB5191F94}.Release|x64.ActiveCfg = Release|Any CPU
		{E0E26A07-B7A6-41FD-AB74-1CFCB5191F94}.Release|x64.Build.0 = Release|Any CPU
		{E0E26A07-B7A6-41FD-AB74-1CFCB5191F94}.Release|x86.ActiveCfg = Release|Any CPU
		{E0E26A07-B7A6-41FD-AB74-1CFCB5191F94}.Release|x86.Build.0 = Release|Any CPU
		{1C7E75D5-F462-43C7-A230-4E31FAF8CC00}.Debug|Any CPU.ActiveCfg = Debug|Any CPU
		{1C7E75D5-F462-43C7-A230-4E31FAF8CC00}.Debug|Any CPU.Build.0 = Debug|Any CPU
		{1C7E75D5-F462-43C7-A230-4E31FAF8CC00}.Debug|x64.ActiveCfg = Debug|Any CPU
		{1C7E75D5-F462-43C7-A230-4E31FAF8CC00}.Debug|x64.Build.0 = Debug|Any CPU
		{1C7E75D5-F462-43C7-A230-4E31FAF8CC00}.Debug|x86.ActiveCfg = Debug|Any CPU
		{1C7E75D5-F462-43C7-A230-4E31FAF8CC00}.Debug|x86.Build.0 = Debug|Any CPU
		{1C7E75D5-F462-43C7-A230-4E31FAF8CC00}.Release|Any CPU.ActiveCfg = Release|Any CPU
		{1C7E75D5-F462-43C7-A230-4E31FAF8CC00}.Release|Any CPU.Build.0 = Release|Any CPU
		{1C7E75D5-F462-43C7-A230-4E31FAF8CC00}.Release|x64.ActiveCfg = Release|Any CPU
		{1C7E75D5-F462-43C7-A230-4E31FAF8CC00}.Release|x64.Build.0 = Release|Any CPU
		{1C7E75D5-F462-43C7-A230-4E31FAF8CC00}.Release|x86.ActiveCfg = Release|Any CPU
		{1C7E75D5-F462-43C7-A230-4E31FAF8CC00}.Release|x86.Build.0 = Release|Any CPU
		{6FA9C7E5-7ED9-4D09-856E-0D30D6D0E7AF}.Debug|Any CPU.ActiveCfg = Debug|Any CPU
		{6FA9C7E5-7ED9-4D09-856E-0D30D6D0E7AF}.Debug|Any CPU.Build.0 = Debug|Any CPU
		{6FA9C7E5-7ED9-4D09-856E-0D30D6D0E7AF}.Debug|x64.ActiveCfg = Debug|Any CPU
		{6FA9C7E5-7ED9-4D09-856E-0D30D6D0E7AF}.Debug|x64.Build.0 = Debug|Any CPU
		{6FA9C7E5-7ED9-4D09-856E-0D30D6D0E7AF}.Debug|x86.ActiveCfg = Debug|Any CPU
		{6FA9C7E5-7ED9-4D09-856E-0D30D6D0E7AF}.Debug|x86.Build.0 = Debug|Any CPU
		{6FA9C7E5-7ED9-4D09-856E-0D30D6D0E7AF}.Release|Any CPU.ActiveCfg = Release|Any CPU
		{6FA9C7E5-7ED9-4D09-856E-0D30D6D0E7AF}.Release|Any CPU.Build.0 = Release|Any CPU
		{6FA9C7E5-7ED9-4D09-856E-0D30D6D0E7AF}.Release|x64.ActiveCfg = Release|Any CPU
		{6FA9C7E5-7ED9-4D09-856E-0D30D6D0E7AF}.Release|x64.Build.0 = Release|Any CPU
		{6FA9C7E5-7ED9-4D09-856E-0D30D6D0E7AF}.Release|x86.ActiveCfg = Release|Any CPU
		{6FA9C7E5-7ED9-4D09-856E-0D30D6D0E7AF}.Release|x86.Build.0 = Release|Any CPU
		{D71B7FBA-E998-4141-81E6-E319C3941659}.Debug|Any CPU.ActiveCfg = Debug|Any CPU
		{D71B7FBA-E998-4141-81E6-E319C3941659}.Debug|Any CPU.Build.0 = Debug|Any CPU
		{D71B7FBA-E998-4141-81E6-E319C3941659}.Debug|x64.ActiveCfg = Debug|Any CPU
		{D71B7FBA-E998-4141-81E6-E319C3941659}.Debug|x64.Build.0 = Debug|Any CPU
		{D71B7FBA-E998-4141-81E6-E319C3941659}.Debug|x86.ActiveCfg = Debug|Any CPU
		{D71B7FBA-E998-4141-81E6-E319C3941659}.Debug|x86.Build.0 = Debug|Any CPU
		{D71B7FBA-E998-4141-81E6-E319C3941659}.Release|Any CPU.ActiveCfg = Release|Any CPU
		{D71B7FBA-E998-4141-81E6-E319C3941659}.Release|Any CPU.Build.0 = Release|Any CPU
		{D71B7FBA-E998-4141-81E6-E319C3941659}.Release|x64.ActiveCfg = Release|Any CPU
		{D71B7FBA-E998-4141-81E6-E319C3941659}.Release|x64.Build.0 = Release|Any CPU
		{D71B7FBA-E998-4141-81E6-E319C3941659}.Release|x86.ActiveCfg = Release|Any CPU
		{D71B7FBA-E998-4141-81E6-E319C3941659}.Release|x86.Build.0 = Release|Any CPU
		{3AFDA053-190A-4BBF-BF0D-626718239FA4}.Debug|Any CPU.ActiveCfg = Debug|Any CPU
		{3AFDA053-190A-4BBF-BF0D-626718239FA4}.Debug|Any CPU.Build.0 = Debug|Any CPU
		{3AFDA053-190A-4BBF-BF0D-626718239FA4}.Debug|x64.ActiveCfg = Debug|Any CPU
		{3AFDA053-190A-4BBF-BF0D-626718239FA4}.Debug|x64.Build.0 = Debug|Any CPU
		{3AFDA053-190A-4BBF-BF0D-626718239FA4}.Debug|x86.ActiveCfg = Debug|Any CPU
		{3AFDA053-190A-4BBF-BF0D-626718239FA4}.Debug|x86.Build.0 = Debug|Any CPU
		{3AFDA053-190A-4BBF-BF0D-626718239FA4}.Release|Any CPU.ActiveCfg = Release|Any CPU
		{3AFDA053-190A-4BBF-BF0D-626718239FA4}.Release|Any CPU.Build.0 = Release|Any CPU
		{3AFDA053-190A-4BBF-BF0D-626718239FA4}.Release|x64.ActiveCfg = Release|Any CPU
		{3AFDA053-190A-4BBF-BF0D-626718239FA4}.Release|x64.Build.0 = Release|Any CPU
		{3AFDA053-190A-4BBF-BF0D-626718239FA4}.Release|x86.ActiveCfg = Release|Any CPU
		{3AFDA053-190A-4BBF-BF0D-626718239FA4}.Release|x86.Build.0 = Release|Any CPU
		{3EB8E5B8-B4A1-41EE-8E26-EED6AFF8AC8F}.Debug|Any CPU.ActiveCfg = Debug|Any CPU
		{3EB8E5B8-B4A1-41EE-8E26-EED6AFF8AC8F}.Debug|Any CPU.Build.0 = Debug|Any CPU
		{3EB8E5B8-B4A1-41EE-8E26-EED6AFF8AC8F}.Debug|x64.ActiveCfg = Debug|Any CPU
		{3EB8E5B8-B4A1-41EE-8E26-EED6AFF8AC8F}.Debug|x64.Build.0 = Debug|Any CPU
		{3EB8E5B8-B4A1-41EE-8E26-EED6AFF8AC8F}.Debug|x86.ActiveCfg = Debug|Any CPU
		{3EB8E5B8-B4A1-41EE-8E26-EED6AFF8AC8F}.Debug|x86.Build.0 = Debug|Any CPU
		{3EB8E5B8-B4A1-41EE-8E26-EED6AFF8AC8F}.Release|Any CPU.ActiveCfg = Release|Any CPU
		{3EB8E5B8-B4A1-41EE-8E26-EED6AFF8AC8F}.Release|Any CPU.Build.0 = Release|Any CPU
		{3EB8E5B8-B4A1-41EE-8E26-EED6AFF8AC8F}.Release|x64.ActiveCfg = Release|Any CPU
		{3EB8E5B8-B4A1-41EE-8E26-EED6AFF8AC8F}.Release|x64.Build.0 = Release|Any CPU
		{3EB8E5B8-B4A1-41EE-8E26-EED6AFF8AC8F}.Release|x86.ActiveCfg = Release|Any CPU
		{3EB8E5B8-B4A1-41EE-8E26-EED6AFF8AC8F}.Release|x86.Build.0 = Release|Any CPU
		{E840877E-2C05-4BF1-859A-3C6D49DFEFE6}.Debug|Any CPU.ActiveCfg = Debug|Any CPU
		{E840877E-2C05-4BF1-859A-3C6D49DFEFE6}.Debug|Any CPU.Build.0 = Debug|Any CPU
		{E840877E-2C05-4BF1-859A-3C6D49DFEFE6}.Debug|x64.ActiveCfg = Debug|Any CPU
		{E840877E-2C05-4BF1-859A-3C6D49DFEFE6}.Debug|x64.Build.0 = Debug|Any CPU
		{E840877E-2C05-4BF1-859A-3C6D49DFEFE6}.Debug|x86.ActiveCfg = Debug|Any CPU
		{E840877E-2C05-4BF1-859A-3C6D49DFEFE6}.Debug|x86.Build.0 = Debug|Any CPU
		{E840877E-2C05-4BF1-859A-3C6D49DFEFE6}.Release|Any CPU.ActiveCfg = Release|Any CPU
		{E840877E-2C05-4BF1-859A-3C6D49DFEFE6}.Release|Any CPU.Build.0 = Release|Any CPU
		{E840877E-2C05-4BF1-859A-3C6D49DFEFE6}.Release|x64.ActiveCfg = Release|Any CPU
		{E840877E-2C05-4BF1-859A-3C6D49DFEFE6}.Release|x64.Build.0 = Release|Any CPU
		{E840877E-2C05-4BF1-859A-3C6D49DFEFE6}.Release|x86.ActiveCfg = Release|Any CPU
		{E840877E-2C05-4BF1-859A-3C6D49DFEFE6}.Release|x86.Build.0 = Release|Any CPU
		{5DFA45F0-4E0E-4DF2-85E5-53ACF50CDD91}.Debug|Any CPU.ActiveCfg = Debug|Any CPU
		{5DFA45F0-4E0E-4DF2-85E5-53ACF50CDD91}.Debug|Any CPU.Build.0 = Debug|Any CPU
		{5DFA45F0-4E0E-4DF2-85E5-53ACF50CDD91}.Debug|x64.ActiveCfg = Debug|Any CPU
		{5DFA45F0-4E0E-4DF2-85E5-53ACF50CDD91}.Debug|x64.Build.0 = Debug|Any CPU
		{5DFA45F0-4E0E-4DF2-85E5-53ACF50CDD91}.Debug|x86.ActiveCfg = Debug|Any CPU
		{5DFA45F0-4E0E-4DF2-85E5-53ACF50CDD91}.Debug|x86.Build.0 = Debug|Any CPU
		{5DFA45F0-4E0E-4DF2-85E5-53ACF50CDD91}.Release|Any CPU.ActiveCfg = Release|Any CPU
		{5DFA45F0-4E0E-4DF2-85E5-53ACF50CDD91}.Release|Any CPU.Build.0 = Release|Any CPU
		{5DFA45F0-4E0E-4DF2-85E5-53ACF50CDD91}.Release|x64.ActiveCfg = Release|Any CPU
		{5DFA45F0-4E0E-4DF2-85E5-53ACF50CDD91}.Release|x64.Build.0 = Release|Any CPU
		{5DFA45F0-4E0E-4DF2-85E5-53ACF50CDD91}.Release|x86.ActiveCfg = Release|Any CPU
		{5DFA45F0-4E0E-4DF2-85E5-53ACF50CDD91}.Release|x86.Build.0 = Release|Any CPU
		{5D62EA19-7E50-467A-B0BC-76334C2C69E9}.Debug|Any CPU.ActiveCfg = Debug|Any CPU
		{5D62EA19-7E50-467A-B0BC-76334C2C69E9}.Debug|Any CPU.Build.0 = Debug|Any CPU
		{5D62EA19-7E50-467A-B0BC-76334C2C69E9}.Debug|x64.ActiveCfg = Debug|Any CPU
		{5D62EA19-7E50-467A-B0BC-76334C2C69E9}.Debug|x64.Build.0 = Debug|Any CPU
		{5D62EA19-7E50-467A-B0BC-76334C2C69E9}.Debug|x86.ActiveCfg = Debug|Any CPU
		{5D62EA19-7E50-467A-B0BC-76334C2C69E9}.Debug|x86.Build.0 = Debug|Any CPU
		{5D62EA19-7E50-467A-B0BC-76334C2C69E9}.Release|Any CPU.ActiveCfg = Release|Any CPU
		{5D62EA19-7E50-467A-B0BC-76334C2C69E9}.Release|Any CPU.Build.0 = Release|Any CPU
		{5D62EA19-7E50-467A-B0BC-76334C2C69E9}.Release|x64.ActiveCfg = Release|Any CPU
		{5D62EA19-7E50-467A-B0BC-76334C2C69E9}.Release|x64.Build.0 = Release|Any CPU
		{5D62EA19-7E50-467A-B0BC-76334C2C69E9}.Release|x86.ActiveCfg = Release|Any CPU
		{5D62EA19-7E50-467A-B0BC-76334C2C69E9}.Release|x86.Build.0 = Release|Any CPU
		{3CD46A0D-61E6-4A0C-AF2D-176462DCF601}.Debug|Any CPU.ActiveCfg = Debug|Any CPU
		{3CD46A0D-61E6-4A0C-AF2D-176462DCF601}.Debug|Any CPU.Build.0 = Debug|Any CPU
		{3CD46A0D-61E6-4A0C-AF2D-176462DCF601}.Debug|x64.ActiveCfg = Debug|Any CPU
		{3CD46A0D-61E6-4A0C-AF2D-176462DCF601}.Debug|x64.Build.0 = Debug|Any CPU
		{3CD46A0D-61E6-4A0C-AF2D-176462DCF601}.Debug|x86.ActiveCfg = Debug|Any CPU
		{3CD46A0D-61E6-4A0C-AF2D-176462DCF601}.Debug|x86.Build.0 = Debug|Any CPU
		{3CD46A0D-61E6-4A0C-AF2D-176462DCF601}.Release|Any CPU.ActiveCfg = Release|Any CPU
		{3CD46A0D-61E6-4A0C-AF2D-176462DCF601}.Release|Any CPU.Build.0 = Release|Any CPU
		{3CD46A0D-61E6-4A0C-AF2D-176462DCF601}.Release|x64.ActiveCfg = Release|Any CPU
		{3CD46A0D-61E6-4A0C-AF2D-176462DCF601}.Release|x64.Build.0 = Release|Any CPU
		{3CD46A0D-61E6-4A0C-AF2D-176462DCF601}.Release|x86.ActiveCfg = Release|Any CPU
		{3CD46A0D-61E6-4A0C-AF2D-176462DCF601}.Release|x86.Build.0 = Release|Any CPU
		{EF146053-4951-4D97-9AAA-E0C1CA4801D6}.Debug|Any CPU.ActiveCfg = Debug|Any CPU
		{EF146053-4951-4D97-9AAA-E0C1CA4801D6}.Debug|Any CPU.Build.0 = Debug|Any CPU
		{EF146053-4951-4D97-9AAA-E0C1CA4801D6}.Debug|x64.ActiveCfg = Debug|Any CPU
		{EF146053-4951-4D97-9AAA-E0C1CA4801D6}.Debug|x64.Build.0 = Debug|Any CPU
		{EF146053-4951-4D97-9AAA-E0C1CA4801D6}.Debug|x86.ActiveCfg = Debug|Any CPU
		{EF146053-4951-4D97-9AAA-E0C1CA4801D6}.Debug|x86.Build.0 = Debug|Any CPU
		{EF146053-4951-4D97-9AAA-E0C1CA4801D6}.Release|Any CPU.ActiveCfg = Release|Any CPU
		{EF146053-4951-4D97-9AAA-E0C1CA4801D6}.Release|Any CPU.Build.0 = Release|Any CPU
		{EF146053-4951-4D97-9AAA-E0C1CA4801D6}.Release|x64.ActiveCfg = Release|Any CPU
		{EF146053-4951-4D97-9AAA-E0C1CA4801D6}.Release|x64.Build.0 = Release|Any CPU
		{EF146053-4951-4D97-9AAA-E0C1CA4801D6}.Release|x86.ActiveCfg = Release|Any CPU
		{EF146053-4951-4D97-9AAA-E0C1CA4801D6}.Release|x86.Build.0 = Release|Any CPU
		{0FCE1B76-0720-4AD0-B353-F604C93DC05F}.Debug|Any CPU.ActiveCfg = Debug|Any CPU
		{0FCE1B76-0720-4AD0-B353-F604C93DC05F}.Debug|Any CPU.Build.0 = Debug|Any CPU
		{0FCE1B76-0720-4AD0-B353-F604C93DC05F}.Debug|x64.ActiveCfg = Debug|Any CPU
		{0FCE1B76-0720-4AD0-B353-F604C93DC05F}.Debug|x64.Build.0 = Debug|Any CPU
		{0FCE1B76-0720-4AD0-B353-F604C93DC05F}.Debug|x86.ActiveCfg = Debug|Any CPU
		{0FCE1B76-0720-4AD0-B353-F604C93DC05F}.Debug|x86.Build.0 = Debug|Any CPU
		{0FCE1B76-0720-4AD0-B353-F604C93DC05F}.Release|Any CPU.ActiveCfg = Release|Any CPU
		{0FCE1B76-0720-4AD0-B353-F604C93DC05F}.Release|Any CPU.Build.0 = Release|Any CPU
		{0FCE1B76-0720-4AD0-B353-F604C93DC05F}.Release|x64.ActiveCfg = Release|Any CPU
		{0FCE1B76-0720-4AD0-B353-F604C93DC05F}.Release|x64.Build.0 = Release|Any CPU
		{0FCE1B76-0720-4AD0-B353-F604C93DC05F}.Release|x86.ActiveCfg = Release|Any CPU
		{0FCE1B76-0720-4AD0-B353-F604C93DC05F}.Release|x86.Build.0 = Release|Any CPU
		{D6E5E010-D782-4B02-94A1-1162852916D9}.Debug|Any CPU.ActiveCfg = Debug|Any CPU
		{D6E5E010-D782-4B02-94A1-1162852916D9}.Debug|Any CPU.Build.0 = Debug|Any CPU
		{D6E5E010-D782-4B02-94A1-1162852916D9}.Debug|x64.ActiveCfg = Debug|Any CPU
		{D6E5E010-D782-4B02-94A1-1162852916D9}.Debug|x64.Build.0 = Debug|Any CPU
		{D6E5E010-D782-4B02-94A1-1162852916D9}.Debug|x86.ActiveCfg = Debug|Any CPU
		{D6E5E010-D782-4B02-94A1-1162852916D9}.Debug|x86.Build.0 = Debug|Any CPU
		{D6E5E010-D782-4B02-94A1-1162852916D9}.Release|Any CPU.ActiveCfg = Release|Any CPU
		{D6E5E010-D782-4B02-94A1-1162852916D9}.Release|Any CPU.Build.0 = Release|Any CPU
		{D6E5E010-D782-4B02-94A1-1162852916D9}.Release|x64.ActiveCfg = Release|Any CPU
		{D6E5E010-D782-4B02-94A1-1162852916D9}.Release|x64.Build.0 = Release|Any CPU
		{D6E5E010-D782-4B02-94A1-1162852916D9}.Release|x86.ActiveCfg = Release|Any CPU
		{D6E5E010-D782-4B02-94A1-1162852916D9}.Release|x86.Build.0 = Release|Any CPU
		{543B7B29-B10C-4837-9479-949F7066DAAC}.Debug|Any CPU.ActiveCfg = Debug|Any CPU
		{543B7B29-B10C-4837-9479-949F7066DAAC}.Debug|Any CPU.Build.0 = Debug|Any CPU
		{543B7B29-B10C-4837-9479-949F7066DAAC}.Debug|x64.ActiveCfg = Debug|Any CPU
		{543B7B29-B10C-4837-9479-949F7066DAAC}.Debug|x64.Build.0 = Debug|Any CPU
		{543B7B29-B10C-4837-9479-949F7066DAAC}.Debug|x86.ActiveCfg = Debug|Any CPU
		{543B7B29-B10C-4837-9479-949F7066DAAC}.Debug|x86.Build.0 = Debug|Any CPU
		{543B7B29-B10C-4837-9479-949F7066DAAC}.Release|Any CPU.ActiveCfg = Release|Any CPU
		{543B7B29-B10C-4837-9479-949F7066DAAC}.Release|Any CPU.Build.0 = Release|Any CPU
		{543B7B29-B10C-4837-9479-949F7066DAAC}.Release|x64.ActiveCfg = Release|Any CPU
		{543B7B29-B10C-4837-9479-949F7066DAAC}.Release|x64.Build.0 = Release|Any CPU
		{543B7B29-B10C-4837-9479-949F7066DAAC}.Release|x86.ActiveCfg = Release|Any CPU
		{543B7B29-B10C-4837-9479-949F7066DAAC}.Release|x86.Build.0 = Release|Any CPU
	EndGlobalSection
	GlobalSection(SolutionProperties) = preSolution
		HideSolutionNode = FALSE
	EndGlobalSection
	GlobalSection(NestedProjects) = preSolution
		{10C03A51-881C-4779-9B24-5BFCE234C175} = {28E1F8EC-E22A-45D3-941F-2A0756D6331D}
		{5FE016D8-4FBC-4D85-A7D8-165E6F7887F2} = {28E1F8EC-E22A-45D3-941F-2A0756D6331D}
		{B5E2EC5D-4D8A-4FBE-9434-23B422644B68} = {28E1F8EC-E22A-45D3-941F-2A0756D6331D}
		{AC823FF0-0EEA-46D8-B6FF-BA9E255F5EB7} = {28E1F8EC-E22A-45D3-941F-2A0756D6331D}
		{17E54BAB-2FF4-42A1-ACBA-0F88066FF4FD} = {28E1F8EC-E22A-45D3-941F-2A0756D6331D}
		{D27E21C1-96C8-4EFF-AA4D-43A8ED7CC40B} = {28E1F8EC-E22A-45D3-941F-2A0756D6331D}
		{7A5BE15C-4B89-4397-920F-A15FB8A76FA5} = {28E1F8EC-E22A-45D3-941F-2A0756D6331D}
		{629C519A-14DD-4F1A-B235-AC73AC2622F7} = {28E1F8EC-E22A-45D3-941F-2A0756D6331D}
		{E0E26A07-B7A6-41FD-AB74-1CFCB5191F94} = {28E1F8EC-E22A-45D3-941F-2A0756D6331D}
		{1C7E75D5-F462-43C7-A230-4E31FAF8CC00} = {28E1F8EC-E22A-45D3-941F-2A0756D6331D}
		{6FA9C7E5-7ED9-4D09-856E-0D30D6D0E7AF} = {28E1F8EC-E22A-45D3-941F-2A0756D6331D}
		{D71B7FBA-E998-4141-81E6-E319C3941659} = {9D43F9A2-6C7D-44DC-A0A0-3F0C693B9663}
		{3AFDA053-190A-4BBF-BF0D-626718239FA4} = {9D43F9A2-6C7D-44DC-A0A0-3F0C693B9663}
		{3EB8E5B8-B4A1-41EE-8E26-EED6AFF8AC8F} = {9D43F9A2-6C7D-44DC-A0A0-3F0C693B9663}
		{D67F59C7-8882-4517-AD61-394DA98E94E5} = {9D43F9A2-6C7D-44DC-A0A0-3F0C693B9663}
		{E840877E-2C05-4BF1-859A-3C6D49DFEFE6} = {D67F59C7-8882-4517-AD61-394DA98E94E5}
		{5DFA45F0-4E0E-4DF2-85E5-53ACF50CDD91} = {D67F59C7-8882-4517-AD61-394DA98E94E5}
		{5D62EA19-7E50-467A-B0BC-76334C2C69E9} = {28E1F8EC-E22A-45D3-941F-2A0756D6331D}
		{3CD46A0D-61E6-4A0C-AF2D-176462DCF601} = {28E1F8EC-E22A-45D3-941F-2A0756D6331D}
		{89AE722E-588C-43F2-B4CB-A05CE184F721} = {9D43F9A2-6C7D-44DC-A0A0-3F0C693B9663}
		{EF146053-4951-4D97-9AAA-E0C1CA4801D6} = {89AE722E-588C-43F2-B4CB-A05CE184F721}
		{0FCE1B76-0720-4AD0-B353-F604C93DC05F} = {89AE722E-588C-43F2-B4CB-A05CE184F721}
		{D6E5E010-D782-4B02-94A1-1162852916D9} = {28E1F8EC-E22A-45D3-941F-2A0756D6331D}
		{543B7B29-B10C-4837-9479-949F7066DAAC} = {89AE722E-588C-43F2-B4CB-A05CE184F721}
	EndGlobalSection
	GlobalSection(ExtensibilityGlobals) = postSolution
		SolutionGuid = {F860D614-C29A-4EBF-954C-8CB27921AB49}
	EndGlobalSection
EndGlobal
