
Microsoft Visual Studio Solution File, Format Version 12.00
# Visual Studio 14
VisualStudioVersion = 14.0.25420.1
MinimumVisualStudioVersion = 10.0.40219.1
Project("{FAE04EC0-301F-11D3-BF4B-00C04F79EFBC}") = "Abplus.Events.Producer", "src\Abplus.Events.Producer\Abplus.Events.Producer.csproj", "{E9957D88-655D-4411-98C3-C7D6009BA13C}"
EndProject
Project("{FAE04EC0-301F-11D3-BF4B-00C04F79EFBC}") = "Abplus", "src\Abplus\Abplus.csproj", "{1DE8D8D1-987D-4A9C-AEC5-FF0A9914BBD4}"
EndProject
Project("{FAE04EC0-301F-11D3-BF4B-00C04F79EFBC}") = "Abplus.RebusRabbitmqConsumer", "src\Abplus.RebusRabbitmqConsumer\Abplus.RebusRabbitmqConsumer.csproj", "{32E6558A-DCDB-434C-B683-0EC88F1CEEAD}"
EndProject
Project("{FAE04EC0-301F-11D3-BF4B-00C04F79EFBC}") = "Abplus.RebusRabbitmqProducer", "src\Abplus.RebusRabbitmqProducer\Abplus.RebusRabbitmqProducer.csproj", "{17DC37E5-6756-4462-AF34-674738762F0B}"
EndProject
Project("{FAE04EC0-301F-11D3-BF4B-00C04F79EFBC}") = "Abplus.Common", "src\Abplus.Common\Abplus.Common.csproj", "{2C69763F-3880-4D4D-8E14-A0D3A2B2B4F8}"
EndProject
Project("{FAE04EC0-301F-11D3-BF4B-00C04F79EFBC}") = "Abplus.Web.Api", "src\Abplus.Web.Api\Abplus.Web.Api.csproj", "{84D80055-6A95-4DE3-B1E7-68B88838F2BE}"
EndProject
Project("{FAE04EC0-301F-11D3-BF4B-00C04F79EFBC}") = "Abplus.Web.SignalR", "src\Abplus.Web.SignalR\Abplus.Web.SignalR.csproj", "{27F80F3E-AEC9-47BC-8FF0-2FE9197A2293}"
EndProject
Project("{2150E333-8FDC-42A3-9474-1A3956D46DE8}") = "Samples", "Samples", "{D0CE77FE-021E-4BBD-B8B5-403BB19A5547}"
EndProject
Project("{FAE04EC0-301F-11D3-BF4B-00C04F79EFBC}") = "Abplus.WebApiVersionRoute.Sample", "src\Samples\Abplus.WebApiVersionRoute.Sample\Abplus.WebApiVersionRoute.Sample.csproj", "{9B3DE552-D101-4449-BFDE-EC8A5C149C2B}"
EndProject
Project("{FAE04EC0-301F-11D3-BF4B-00C04F79EFBC}") = "Abplus.Web.SimpleCaptcha", "src\Abplus.Web.SimpleCaptcha\Abplus.Web.SimpleCaptcha.csproj", "{2AEA2117-3019-41B0-94F9-2B071B4FDEE4}"
EndProject
Project("{2150E333-8FDC-42A3-9474-1A3956D46DE8}") = "Tests", "Tests", "{93F31708-DA27-4DF2-A228-8DFF705073BC}"
EndProject
Project("{FAE04EC0-301F-11D3-BF4B-00C04F79EFBC}") = "Abplus.Tests", "src\Tests\Abplus.Tests\Abplus.Tests.csproj", "{336022E3-D481-4D09-9B97-305441FF6301}"
EndProject
Project("{FAE04EC0-301F-11D3-BF4B-00C04F79EFBC}") = "Abplus.MqMessages.RebusPublisher", "src\Abplus.MqMessages.RebusPublisher\Abplus.MqMessages.RebusPublisher.csproj", "{97AA3659-AE5C-4561-A4A0-51FB71144E03}"
EndProject
Project("{FAE04EC0-301F-11D3-BF4B-00C04F79EFBC}") = "Abplus.WebApiClient", "src\Abplus.WebApiClient\Abplus.WebApiClient.csproj", "{548FB369-D982-466A-B53E-18D6CA0298D8}"
EndProject
Project("{FAE04EC0-301F-11D3-BF4B-00C04F79EFBC}") = "Abplus.MqMessages", "src\Abplus.MqMessages\Abplus.MqMessages.csproj", "{F0ECE646-29F7-48EB-AB40-6D238F785B73}"
EndProject
Project("{FAE04EC0-301F-11D3-BF4B-00C04F79EFBC}") = "Abplus.EntityFramework", "src\Abplus.EntityFramework\Abplus.EntityFramework.csproj", "{4BEE8A8E-59D8-4DD4-BE1C-0DE31A348515}"
EndProject
Global
	GlobalSection(SolutionConfigurationPlatforms) = preSolution
		Debug|Any CPU = Debug|Any CPU
		Release|Any CPU = Release|Any CPU
	EndGlobalSection
	GlobalSection(ProjectConfigurationPlatforms) = postSolution
		{E9957D88-655D-4411-98C3-C7D6009BA13C}.Debug|Any CPU.ActiveCfg = Debug|Any CPU
		{E9957D88-655D-4411-98C3-C7D6009BA13C}.Debug|Any CPU.Build.0 = Debug|Any CPU
		{E9957D88-655D-4411-98C3-C7D6009BA13C}.Release|Any CPU.ActiveCfg = Release|Any CPU
		{E9957D88-655D-4411-98C3-C7D6009BA13C}.Release|Any CPU.Build.0 = Release|Any CPU
		{1DE8D8D1-987D-4A9C-AEC5-FF0A9914BBD4}.Debug|Any CPU.ActiveCfg = Debug|Any CPU
		{1DE8D8D1-987D-4A9C-AEC5-FF0A9914BBD4}.Debug|Any CPU.Build.0 = Debug|Any CPU
		{1DE8D8D1-987D-4A9C-AEC5-FF0A9914BBD4}.Release|Any CPU.ActiveCfg = Release|Any CPU
		{1DE8D8D1-987D-4A9C-AEC5-FF0A9914BBD4}.Release|Any CPU.Build.0 = Release|Any CPU
		{32E6558A-DCDB-434C-B683-0EC88F1CEEAD}.Debug|Any CPU.ActiveCfg = Debug|Any CPU
		{32E6558A-DCDB-434C-B683-0EC88F1CEEAD}.Debug|Any CPU.Build.0 = Debug|Any CPU
		{32E6558A-DCDB-434C-B683-0EC88F1CEEAD}.Release|Any CPU.ActiveCfg = Release|Any CPU
		{32E6558A-DCDB-434C-B683-0EC88F1CEEAD}.Release|Any CPU.Build.0 = Release|Any CPU
		{17DC37E5-6756-4462-AF34-674738762F0B}.Debug|Any CPU.ActiveCfg = Debug|Any CPU
		{17DC37E5-6756-4462-AF34-674738762F0B}.Debug|Any CPU.Build.0 = Debug|Any CPU
		{17DC37E5-6756-4462-AF34-674738762F0B}.Release|Any CPU.ActiveCfg = Release|Any CPU
		{17DC37E5-6756-4462-AF34-674738762F0B}.Release|Any CPU.Build.0 = Release|Any CPU
		{2C69763F-3880-4D4D-8E14-A0D3A2B2B4F8}.Debug|Any CPU.ActiveCfg = Debug|Any CPU
		{2C69763F-3880-4D4D-8E14-A0D3A2B2B4F8}.Debug|Any CPU.Build.0 = Debug|Any CPU
		{2C69763F-3880-4D4D-8E14-A0D3A2B2B4F8}.Release|Any CPU.ActiveCfg = Release|Any CPU
		{2C69763F-3880-4D4D-8E14-A0D3A2B2B4F8}.Release|Any CPU.Build.0 = Release|Any CPU
		{84D80055-6A95-4DE3-B1E7-68B88838F2BE}.Debug|Any CPU.ActiveCfg = Debug|Any CPU
		{84D80055-6A95-4DE3-B1E7-68B88838F2BE}.Debug|Any CPU.Build.0 = Debug|Any CPU
		{84D80055-6A95-4DE3-B1E7-68B88838F2BE}.Release|Any CPU.ActiveCfg = Release|Any CPU
		{84D80055-6A95-4DE3-B1E7-68B88838F2BE}.Release|Any CPU.Build.0 = Release|Any CPU
		{27F80F3E-AEC9-47BC-8FF0-2FE9197A2293}.Debug|Any CPU.ActiveCfg = Debug|Any CPU
		{27F80F3E-AEC9-47BC-8FF0-2FE9197A2293}.Debug|Any CPU.Build.0 = Debug|Any CPU
		{27F80F3E-AEC9-47BC-8FF0-2FE9197A2293}.Release|Any CPU.ActiveCfg = Release|Any CPU
		{27F80F3E-AEC9-47BC-8FF0-2FE9197A2293}.Release|Any CPU.Build.0 = Release|Any CPU
		{9B3DE552-D101-4449-BFDE-EC8A5C149C2B}.Debug|Any CPU.ActiveCfg = Debug|Any CPU
		{9B3DE552-D101-4449-BFDE-EC8A5C149C2B}.Debug|Any CPU.Build.0 = Debug|Any CPU
		{9B3DE552-D101-4449-BFDE-EC8A5C149C2B}.Release|Any CPU.ActiveCfg = Release|Any CPU
		{9B3DE552-D101-4449-BFDE-EC8A5C149C2B}.Release|Any CPU.Build.0 = Release|Any CPU
		{2AEA2117-3019-41B0-94F9-2B071B4FDEE4}.Debug|Any CPU.ActiveCfg = Debug|Any CPU
		{2AEA2117-3019-41B0-94F9-2B071B4FDEE4}.Debug|Any CPU.Build.0 = Debug|Any CPU
		{2AEA2117-3019-41B0-94F9-2B071B4FDEE4}.Release|Any CPU.ActiveCfg = Release|Any CPU
		{2AEA2117-3019-41B0-94F9-2B071B4FDEE4}.Release|Any CPU.Build.0 = Release|Any CPU
		{336022E3-D481-4D09-9B97-305441FF6301}.Debug|Any CPU.ActiveCfg = Debug|Any CPU
		{336022E3-D481-4D09-9B97-305441FF6301}.Debug|Any CPU.Build.0 = Debug|Any CPU
		{336022E3-D481-4D09-9B97-305441FF6301}.Release|Any CPU.ActiveCfg = Release|Any CPU
		{336022E3-D481-4D09-9B97-305441FF6301}.Release|Any CPU.Build.0 = Release|Any CPU
		{97AA3659-AE5C-4561-A4A0-51FB71144E03}.Debug|Any CPU.ActiveCfg = Debug|Any CPU
		{97AA3659-AE5C-4561-A4A0-51FB71144E03}.Debug|Any CPU.Build.0 = Debug|Any CPU
		{97AA3659-AE5C-4561-A4A0-51FB71144E03}.Release|Any CPU.ActiveCfg = Release|Any CPU
		{97AA3659-AE5C-4561-A4A0-51FB71144E03}.Release|Any CPU.Build.0 = Release|Any CPU
		{548FB369-D982-466A-B53E-18D6CA0298D8}.Debug|Any CPU.ActiveCfg = Debug|Any CPU
		{548FB369-D982-466A-B53E-18D6CA0298D8}.Debug|Any CPU.Build.0 = Debug|Any CPU
		{548FB369-D982-466A-B53E-18D6CA0298D8}.Release|Any CPU.ActiveCfg = Release|Any CPU
		{548FB369-D982-466A-B53E-18D6CA0298D8}.Release|Any CPU.Build.0 = Release|Any CPU
		{F0ECE646-29F7-48EB-AB40-6D238F785B73}.Debug|Any CPU.ActiveCfg = Debug|Any CPU
		{F0ECE646-29F7-48EB-AB40-6D238F785B73}.Debug|Any CPU.Build.0 = Debug|Any CPU
		{F0ECE646-29F7-48EB-AB40-6D238F785B73}.Release|Any CPU.ActiveCfg = Release|Any CPU
		{F0ECE646-29F7-48EB-AB40-6D238F785B73}.Release|Any CPU.Build.0 = Release|Any CPU
		{4BEE8A8E-59D8-4DD4-BE1C-0DE31A348515}.Debug|Any CPU.ActiveCfg = Debug|Any CPU
		{4BEE8A8E-59D8-4DD4-BE1C-0DE31A348515}.Debug|Any CPU.Build.0 = Debug|Any CPU
		{4BEE8A8E-59D8-4DD4-BE1C-0DE31A348515}.Release|Any CPU.ActiveCfg = Release|Any CPU
		{4BEE8A8E-59D8-4DD4-BE1C-0DE31A348515}.Release|Any CPU.Build.0 = Release|Any CPU
	EndGlobalSection
	GlobalSection(SolutionProperties) = preSolution
		HideSolutionNode = FALSE
	EndGlobalSection
	GlobalSection(NestedProjects) = preSolution
		{9B3DE552-D101-4449-BFDE-EC8A5C149C2B} = {D0CE77FE-021E-4BBD-B8B5-403BB19A5547}
		{336022E3-D481-4D09-9B97-305441FF6301} = {93F31708-DA27-4DF2-A228-8DFF705073BC}
	EndGlobalSection
EndGlobal
