
Microsoft Visual Studio Solution File, Format Version 12.00
# Visual Studio 15
VisualStudioVersion = 15.0.26430.14
MinimumVisualStudioVersion = 10.0.40219.1
Project("{FAE04EC0-301F-11D3-BF4B-00C04F79EFBC}") = "Abplus.Events.Producer", "src\Abplus.Events.Producer\Abplus.Events.Producer.csproj", "{E9957D88-655D-4411-98C3-C7D6009BA13C}"
EndProject
Project("{FAE04EC0-301F-11D3-BF4B-00C04F79EFBC}") = "Abplus", "src\Abplus\Abplus.csproj", "{1DE8D8D1-987D-4A9C-AEC5-FF0A9914BBD4}"
EndProject
Project("{FAE04EC0-301F-11D3-BF4B-00C04F79EFBC}") = "Abplus.RebusRabbitmqConsumer", "src\Abplus.RebusRabbitmqConsumer\Abplus.RebusRabbitmqConsumer.csproj", "{32E6558A-DCDB-434C-B683-0EC88F1CEEAD}"
EndProject
Project("{FAE04EC0-301F-11D3-BF4B-00C04F79EFBC}") = "Abplus.RebusRabbitmqProducer", "src\Abplus.RebusRabbitmqProducer\Abplus.RebusRabbitmqProducer.csproj", "{17DC37E5-6756-4462-AF34-674738762F0B}"
EndProject
Project("{FAE04EC0-301F-11D3-BF4B-00C04F79EFBC}") = "Abplus.Web.Api", "src\Abplus.Web.Api\Abplus.Web.Api.csproj", "{84D80055-6A95-4DE3-B1E7-68B88838F2BE}"
EndProject
Project("{FAE04EC0-301F-11D3-BF4B-00C04F79EFBC}") = "Abplus.Web.SignalR", "src\Abplus.Web.SignalR\Abplus.Web.SignalR.csproj", "{27F80F3E-AEC9-47BC-8FF0-2FE9197A2293}"
EndProject
Project("{2150E333-8FDC-42A3-9474-1A3956D46DE8}") = "Samples", "Samples", "{D0CE77FE-021E-4BBD-B8B5-403BB19A5547}"
EndProject
Project("{FAE04EC0-301F-11D3-BF4B-00C04F79EFBC}") = "Abplus.WebApiVersionRoute.Sample", "src\Samples\Abplus.WebApiVersionRoute.Sample\Abplus.WebApiVersionRoute.Sample.csproj", "{9B3DE552-D101-4449-BFDE-EC8A5C149C2B}"
EndProject
Project("{FAE04EC0-301F-11D3-BF4B-00C04F79EFBC}") = "Abplus.Web.SimpleCaptcha", "src\Abplus.Web.SimpleCaptcha\Abplus.Web.SimpleCaptcha.csproj", "{2AEA2117-3019-41B0-94F9-2B071B4FDEE4}"
EndProject
Project("{2150E333-8FDC-42A3-9474-1A3956D46DE8}") = "Tests", "Tests", "{93F31708-DA27-4DF2-A228-8DFF705073BC}"
EndProject
Project("{FAE04EC0-301F-11D3-BF4B-00C04F79EFBC}") = "Abplus.Tests", "src\Tests\Abplus.Tests\Abplus.Tests.csproj", "{336022E3-D481-4D09-9B97-305441FF6301}"
EndProject
Project("{FAE04EC0-301F-11D3-BF4B-00C04F79EFBC}") = "Abplus.MqMessages.RebusRabbitMqPublisher", "src\Abplus.MqMessages.RebusPublisher\Abplus.MqMessages.RebusRabbitMqPublisher.csproj", "{97AA3659-AE5C-4561-A4A0-51FB71144E03}"
EndProject
Project("{FAE04EC0-301F-11D3-BF4B-00C04F79EFBC}") = "Abplus.WebApiClient", "src\Abplus.WebApiClient\Abplus.WebApiClient.csproj", "{548FB369-D982-466A-B53E-18D6CA0298D8}"
EndProject
Project("{FAE04EC0-301F-11D3-BF4B-00C04F79EFBC}") = "Abplus.MqMessages", "src\Abplus.MqMessages\Abplus.MqMessages.csproj", "{F0ECE646-29F7-48EB-AB40-6D238F785B73}"
EndProject
Project("{FAE04EC0-301F-11D3-BF4B-00C04F79EFBC}") = "Abplus.EntityFramework", "src\Abplus.EntityFramework\Abplus.EntityFramework.csproj", "{4BEE8A8E-59D8-4DD4-BE1C-0DE31A348515}"
EndProject
Project("{FAE04EC0-301F-11D3-BF4B-00C04F79EFBC}") = "Abplus.MqMessages.RebusRabbitMqConsumer", "src\Abplus.MqMessages.RebusConsumer\Abplus.MqMessages.RebusRabbitMqConsumer.csproj", "{9AF821F9-8F33-489D-97E9-3BA5127320DE}"
EndProject
Project("{2150E333-8FDC-42A3-9474-1A3956D46DE8}") = "MqMessagesSample", "MqMessagesSample", "{E580EAE3-1D8B-479B-ACFE-C189B46EF111}"
EndProject
Project("{FAE04EC0-301F-11D3-BF4B-00C04F79EFBC}") = "Sample.MqMessages", "src\Samples\Sample.MqMessages\Sample.MqMessages.csproj", "{94E6D468-2D45-4EC7-AF1B-AAC884DB467F}"
EndProject
Project("{FAE04EC0-301F-11D3-BF4B-00C04F79EFBC}") = "Sample.RebusRabbitMqConsumer", "src\Samples\Sample.RebusRabbitMqConsumer\Sample.RebusRabbitMqConsumer.csproj", "{96002B54-90BA-4CFE-AF91-149035703A98}"
EndProject
Project("{FAE04EC0-301F-11D3-BF4B-00C04F79EFBC}") = "Sample.RebusRabbitMqPublisher", "src\Samples\Sample.RebusRabbitMqPublisher\Sample.RebusRabbitMqPublisher.csproj", "{DB9B68CD-6868-4E94-9A94-6A9E70D7C48F}"
EndProject
Project("{FAE04EC0-301F-11D3-BF4B-00C04F79EFBC}") = "Abplus.Common", "src\Abplus.Common\Abplus.Common.csproj", "{2C69763F-3880-4D4D-8E14-A0D3A2B2B4F8}"
EndProject
Project("{FAE04EC0-301F-11D3-BF4B-00C04F79EFBC}") = "Abplus.RedisCache", "src\Abplus.RedisCache\Abplus.RedisCache.csproj", "{51AE1354-690B-4E33-AF32-9EF8BDD98A20}"
EndProject
Global
	GlobalSection(SolutionConfigurationPlatforms) = preSolution
		Debug|Any CPU = Debug|Any CPU
		Release|Any CPU = Release|Any CPU
	EndGlobalSection
	GlobalSection(ProjectConfigurationPlatforms) = postSolution
		{E9957D88-655D-4411-98C3-C7D6009BA13C}.Debug|Any CPU.ActiveCfg = Debug|Any CPU
		{E9957D88-655D-4411-98C3-C7D6009BA13C}.Debug|Any CPU.Build.0 = Debug|Any CPU
		{E9957D88-655D-4411-98C3-C7D6009BA13C}.Release|Any CPU.ActiveCfg = Release|Any CPU
		{E9957D88-655D-4411-98C3-C7D6009BA13C}.Release|Any CPU.Build.0 = Release|Any CPU
		{1DE8D8D1-987D-4A9C-AEC5-FF0A9914BBD4}.Debug|Any CPU.ActiveCfg = Debug|Any CPU
		{1DE8D8D1-987D-4A9C-AEC5-FF0A9914BBD4}.Debug|Any CPU.Build.0 = Debug|Any CPU
		{1DE8D8D1-987D-4A9C-AEC5-FF0A9914BBD4}.Release|Any CPU.ActiveCfg = Release|Any CPU
		{1DE8D8D1-987D-4A9C-AEC5-FF0A9914BBD4}.Release|Any CPU.Build.0 = Release|Any CPU
		{32E6558A-DCDB-434C-B683-0EC88F1CEEAD}.Debug|Any CPU.ActiveCfg = Debug|Any CPU
		{32E6558A-DCDB-434C-B683-0EC88F1CEEAD}.Debug|Any CPU.Build.0 = Debug|Any CPU
		{32E6558A-DCDB-434C-B683-0EC88F1CEEAD}.Release|Any CPU.ActiveCfg = Release|Any CPU
		{32E6558A-DCDB-434C-B683-0EC88F1CEEAD}.Release|Any CPU.Build.0 = Release|Any CPU
		{17DC37E5-6756-4462-AF34-674738762F0B}.Debug|Any CPU.ActiveCfg = Debug|Any CPU
		{17DC37E5-6756-4462-AF34-674738762F0B}.Debug|Any CPU.Build.0 = Debug|Any CPU
		{17DC37E5-6756-4462-AF34-674738762F0B}.Release|Any CPU.ActiveCfg = Release|Any CPU
		{17DC37E5-6756-4462-AF34-674738762F0B}.Release|Any CPU.Build.0 = Release|Any CPU
		{84D80055-6A95-4DE3-B1E7-68B88838F2BE}.Debug|Any CPU.ActiveCfg = Debug|Any CPU
		{84D80055-6A95-4DE3-B1E7-68B88838F2BE}.Debug|Any CPU.Build.0 = Debug|Any CPU
		{84D80055-6A95-4DE3-B1E7-68B88838F2BE}.Release|Any CPU.ActiveCfg = Release|Any CPU
		{84D80055-6A95-4DE3-B1E7-68B88838F2BE}.Release|Any CPU.Build.0 = Release|Any CPU
		{27F80F3E-AEC9-47BC-8FF0-2FE9197A2293}.Debug|Any CPU.ActiveCfg = Debug|Any CPU
		{27F80F3E-AEC9-47BC-8FF0-2FE9197A2293}.Debug|Any CPU.Build.0 = Debug|Any CPU
		{27F80F3E-AEC9-47BC-8FF0-2FE9197A2293}.Release|Any CPU.ActiveCfg = Release|Any CPU
		{27F80F3E-AEC9-47BC-8FF0-2FE9197A2293}.Release|Any CPU.Build.0 = Release|Any CPU
		{9B3DE552-D101-4449-BFDE-EC8A5C149C2B}.Debug|Any CPU.ActiveCfg = Debug|Any CPU
		{9B3DE552-D101-4449-BFDE-EC8A5C149C2B}.Debug|Any CPU.Build.0 = Debug|Any CPU
		{9B3DE552-D101-4449-BFDE-EC8A5C149C2B}.Release|Any CPU.ActiveCfg = Release|Any CPU
		{9B3DE552-D101-4449-BFDE-EC8A5C149C2B}.Release|Any CPU.Build.0 = Release|Any CPU
		{2AEA2117-3019-41B0-94F9-2B071B4FDEE4}.Debug|Any CPU.ActiveCfg = Debug|Any CPU
		{2AEA2117-3019-41B0-94F9-2B071B4FDEE4}.Debug|Any CPU.Build.0 = Debug|Any CPU
		{2AEA2117-3019-41B0-94F9-2B071B4FDEE4}.Release|Any CPU.ActiveCfg = Release|Any CPU
		{2AEA2117-3019-41B0-94F9-2B071B4FDEE4}.Release|Any CPU.Build.0 = Release|Any CPU
		{336022E3-D481-4D09-9B97-305441FF6301}.Debug|Any CPU.ActiveCfg = Debug|Any CPU
		{336022E3-D481-4D09-9B97-305441FF6301}.Debug|Any CPU.Build.0 = Debug|Any CPU
		{336022E3-D481-4D09-9B97-305441FF6301}.Release|Any CPU.ActiveCfg = Release|Any CPU
		{336022E3-D481-4D09-9B97-305441FF6301}.Release|Any CPU.Build.0 = Release|Any CPU
		{97AA3659-AE5C-4561-A4A0-51FB71144E03}.Debug|Any CPU.ActiveCfg = Debug|Any CPU
		{97AA3659-AE5C-4561-A4A0-51FB71144E03}.Debug|Any CPU.Build.0 = Debug|Any CPU
		{97AA3659-AE5C-4561-A4A0-51FB71144E03}.Release|Any CPU.ActiveCfg = Release|Any CPU
		{97AA3659-AE5C-4561-A4A0-51FB71144E03}.Release|Any CPU.Build.0 = Release|Any CPU
		{548FB369-D982-466A-B53E-18D6CA0298D8}.Debug|Any CPU.ActiveCfg = Debug|Any CPU
		{548FB369-D982-466A-B53E-18D6CA0298D8}.Debug|Any CPU.Build.0 = Debug|Any CPU
		{548FB369-D982-466A-B53E-18D6CA0298D8}.Release|Any CPU.ActiveCfg = Release|Any CPU
		{548FB369-D982-466A-B53E-18D6CA0298D8}.Release|Any CPU.Build.0 = Release|Any CPU
		{F0ECE646-29F7-48EB-AB40-6D238F785B73}.Debug|Any CPU.ActiveCfg = Debug|Any CPU
		{F0ECE646-29F7-48EB-AB40-6D238F785B73}.Debug|Any CPU.Build.0 = Debug|Any CPU
		{F0ECE646-29F7-48EB-AB40-6D238F785B73}.Release|Any CPU.ActiveCfg = Release|Any CPU
		{F0ECE646-29F7-48EB-AB40-6D238F785B73}.Release|Any CPU.Build.0 = Release|Any CPU
		{4BEE8A8E-59D8-4DD4-BE1C-0DE31A348515}.Debug|Any CPU.ActiveCfg = Debug|Any CPU
		{4BEE8A8E-59D8-4DD4-BE1C-0DE31A348515}.Debug|Any CPU.Build.0 = Debug|Any CPU
		{4BEE8A8E-59D8-4DD4-BE1C-0DE31A348515}.Release|Any CPU.ActiveCfg = Release|Any CPU
		{4BEE8A8E-59D8-4DD4-BE1C-0DE31A348515}.Release|Any CPU.Build.0 = Release|Any CPU
		{9AF821F9-8F33-489D-97E9-3BA5127320DE}.Debug|Any CPU.ActiveCfg = Debug|Any CPU
		{9AF821F9-8F33-489D-97E9-3BA5127320DE}.Debug|Any CPU.Build.0 = Debug|Any CPU
		{9AF821F9-8F33-489D-97E9-3BA5127320DE}.Release|Any CPU.ActiveCfg = Release|Any CPU
		{9AF821F9-8F33-489D-97E9-3BA5127320DE}.Release|Any CPU.Build.0 = Release|Any CPU
		{94E6D468-2D45-4EC7-AF1B-AAC884DB467F}.Debug|Any CPU.ActiveCfg = Debug|Any CPU
		{94E6D468-2D45-4EC7-AF1B-AAC884DB467F}.Debug|Any CPU.Build.0 = Debug|Any CPU
		{94E6D468-2D45-4EC7-AF1B-AAC884DB467F}.Release|Any CPU.ActiveCfg = Release|Any CPU
		{94E6D468-2D45-4EC7-AF1B-AAC884DB467F}.Release|Any CPU.Build.0 = Release|Any CPU
		{96002B54-90BA-4CFE-AF91-149035703A98}.Debug|Any CPU.ActiveCfg = Debug|Any CPU
		{96002B54-90BA-4CFE-AF91-149035703A98}.Debug|Any CPU.Build.0 = Debug|Any CPU
		{96002B54-90BA-4CFE-AF91-149035703A98}.Release|Any CPU.ActiveCfg = Release|Any CPU
		{96002B54-90BA-4CFE-AF91-149035703A98}.Release|Any CPU.Build.0 = Release|Any CPU
		{DB9B68CD-6868-4E94-9A94-6A9E70D7C48F}.Debug|Any CPU.ActiveCfg = Debug|Any CPU
		{DB9B68CD-6868-4E94-9A94-6A9E70D7C48F}.Debug|Any CPU.Build.0 = Debug|Any CPU
		{DB9B68CD-6868-4E94-9A94-6A9E70D7C48F}.Release|Any CPU.ActiveCfg = Release|Any CPU
		{DB9B68CD-6868-4E94-9A94-6A9E70D7C48F}.Release|Any CPU.Build.0 = Release|Any CPU
		{2C69763F-3880-4D4D-8E14-A0D3A2B2B4F8}.Debug|Any CPU.ActiveCfg = Debug|Any CPU
		{2C69763F-3880-4D4D-8E14-A0D3A2B2B4F8}.Debug|Any CPU.Build.0 = Debug|Any CPU
		{2C69763F-3880-4D4D-8E14-A0D3A2B2B4F8}.Release|Any CPU.ActiveCfg = Release|Any CPU
		{2C69763F-3880-4D4D-8E14-A0D3A2B2B4F8}.Release|Any CPU.Build.0 = Release|Any CPU
		{51AE1354-690B-4E33-AF32-9EF8BDD98A20}.Debug|Any CPU.ActiveCfg = Debug|Any CPU
		{51AE1354-690B-4E33-AF32-9EF8BDD98A20}.Debug|Any CPU.Build.0 = Debug|Any CPU
		{51AE1354-690B-4E33-AF32-9EF8BDD98A20}.Release|Any CPU.ActiveCfg = Release|Any CPU
		{51AE1354-690B-4E33-AF32-9EF8BDD98A20}.Release|Any CPU.Build.0 = Release|Any CPU
	EndGlobalSection
	GlobalSection(SolutionProperties) = preSolution
		HideSolutionNode = FALSE
	EndGlobalSection
	GlobalSection(NestedProjects) = preSolution
		{9B3DE552-D101-4449-BFDE-EC8A5C149C2B} = {D0CE77FE-021E-4BBD-B8B5-403BB19A5547}
		{336022E3-D481-4D09-9B97-305441FF6301} = {93F31708-DA27-4DF2-A228-8DFF705073BC}
		{E580EAE3-1D8B-479B-ACFE-C189B46EF111} = {D0CE77FE-021E-4BBD-B8B5-403BB19A5547}
		{94E6D468-2D45-4EC7-AF1B-AAC884DB467F} = {E580EAE3-1D8B-479B-ACFE-C189B46EF111}
		{96002B54-90BA-4CFE-AF91-149035703A98} = {E580EAE3-1D8B-479B-ACFE-C189B46EF111}
		{DB9B68CD-6868-4E94-9A94-6A9E70D7C48F} = {E580EAE3-1D8B-479B-ACFE-C189B46EF111}
	EndGlobalSection
EndGlobal
